
Microsoft Visual Studio Solution File, Format Version 12.00
# Visual Studio Version 17
VisualStudioVersion = 17.9.34622.214
MinimumVisualStudioVersion = 10.0.40219.1
Project("{2150E333-8FDC-42A3-9474-1A3956D46DE8}") = "ApiGateways", "ApiGateways", "{FA8B3DE2-3D82-44D8-B305-D6960BF2E4CD}"
EndProject
Project("{9A19103F-16F7-4668-BE54-9A1E7A4F7556}") = "Ocelot.ApiGateways", "Ocelot.ApiGateways\Ocelot.ApiGateways.csproj", "{527C2108-DD44-43E1-AB32-C3E053D9C6B6}"
EndProject
Project("{2150E333-8FDC-42A3-9474-1A3956D46DE8}") = "Service", "Service", "{4420FD8B-42A8-4360-A1F1-DCF98E93C047}"
EndProject
Project("{2150E333-8FDC-42A3-9474-1A3956D46DE8}") = "User", "User", "{7FCDFC16-3294-4900-BC7D-7CFE83E4A076}"
EndProject
Project("{9A19103F-16F7-4668-BE54-9A1E7A4F7556}") = "User.Presentation", "User.Presentation\User.Presentation.csproj", "{4732CF3E-20C4-481A-AC9F-475A25649A03}"
EndProject
Project("{9A19103F-16F7-4668-BE54-9A1E7A4F7556}") = "User.Domain", "User.Domain\User.Domain.csproj", "{68DE0D0D-9EE7-424B-899A-E9AB2F00578C}"
EndProject
Project("{9A19103F-16F7-4668-BE54-9A1E7A4F7556}") = "User.Application", "User.Application\User.Application.csproj", "{81473D0F-9B24-4BFB-BBBD-224B51340478}"
EndProject
Project("{9A19103F-16F7-4668-BE54-9A1E7A4F7556}") = "User.Persistence", "User.Persistence\User.Persistence.csproj", "{92CBC868-C965-4EFC-87B5-C0C6E95FB6DD}"
EndProject
Project("{2150E333-8FDC-42A3-9474-1A3956D46DE8}") = "Product", "Product", "{37D41476-FE2E-475E-B1B5-DC1F9A313D66}"
EndProject
Project("{FAE04EC0-301F-11D3-BF4B-00C04F79EFBC}") = "Product.Presentation", "Product.Presentation\Product.Presentation.csproj", "{A21179FD-414C-4AB7-974C-D933A82234E4}"
EndProject
Project("{FAE04EC0-301F-11D3-BF4B-00C04F79EFBC}") = "Product.Application", "Product.Application\Product.Application.csproj", "{513901EB-8906-464A-B7CD-E468BC911DD4}"
EndProject
Project("{FAE04EC0-301F-11D3-BF4B-00C04F79EFBC}") = "Product.Domain", "Product.Domain\Product.Domain.csproj", "{2A090A50-BCB5-42FB-9C7A-27AA7E1070BC}"
EndProject
Project("{FAE04EC0-301F-11D3-BF4B-00C04F79EFBC}") = "Product.Persistence", "Product.Persistence\Product.Persistence.csproj", "{E5195A6D-D0A9-4617-A998-F0C1A2F398B2}"
EndProject
Project("{FAE04EC0-301F-11D3-BF4B-00C04F79EFBC}") = "Product.Infrastructure", "Product.Infrastructure\Product.Infrastructure.csproj", "{C03066A4-6ED7-4321-8CBB-0DD0492882AF}"
EndProject
Global
	GlobalSection(SolutionConfigurationPlatforms) = preSolution
		Debug|Any CPU = Debug|Any CPU
		Release|Any CPU = Release|Any CPU
	EndGlobalSection
	GlobalSection(ProjectConfigurationPlatforms) = postSolution
		{527C2108-DD44-43E1-AB32-C3E053D9C6B6}.Debug|Any CPU.ActiveCfg = Debug|Any CPU
		{527C2108-DD44-43E1-AB32-C3E053D9C6B6}.Debug|Any CPU.Build.0 = Debug|Any CPU
		{527C2108-DD44-43E1-AB32-C3E053D9C6B6}.Release|Any CPU.ActiveCfg = Release|Any CPU
		{527C2108-DD44-43E1-AB32-C3E053D9C6B6}.Release|Any CPU.Build.0 = Release|Any CPU
		{4732CF3E-20C4-481A-AC9F-475A25649A03}.Debug|Any CPU.ActiveCfg = Debug|Any CPU
		{4732CF3E-20C4-481A-AC9F-475A25649A03}.Debug|Any CPU.Build.0 = Debug|Any CPU
		{4732CF3E-20C4-481A-AC9F-475A25649A03}.Release|Any CPU.ActiveCfg = Release|Any CPU
		{4732CF3E-20C4-481A-AC9F-475A25649A03}.Release|Any CPU.Build.0 = Release|Any CPU
		{68DE0D0D-9EE7-424B-899A-E9AB2F00578C}.Debug|Any CPU.ActiveCfg = Debug|Any CPU
		{68DE0D0D-9EE7-424B-899A-E9AB2F00578C}.Debug|Any CPU.Build.0 = Debug|Any CPU
		{68DE0D0D-9EE7-424B-899A-E9AB2F00578C}.Release|Any CPU.ActiveCfg = Release|Any CPU
		{68DE0D0D-9EE7-424B-899A-E9AB2F00578C}.Release|Any CPU.Build.0 = Release|Any CPU
		{81473D0F-9B24-4BFB-BBBD-224B51340478}.Debug|Any CPU.ActiveCfg = Debug|Any CPU
		{81473D0F-9B24-4BFB-BBBD-224B51340478}.Debug|Any CPU.Build.0 = Debug|Any CPU
		{81473D0F-9B24-4BFB-BBBD-224B51340478}.Release|Any CPU.ActiveCfg = Release|Any CPU
		{81473D0F-9B24-4BFB-BBBD-224B51340478}.Release|Any CPU.Build.0 = Release|Any CPU
		{92CBC868-C965-4EFC-87B5-C0C6E95FB6DD}.Debug|Any CPU.ActiveCfg = Debug|Any CPU
		{92CBC868-C965-4EFC-87B5-C0C6E95FB6DD}.Debug|Any CPU.Build.0 = Debug|Any CPU
		{92CBC868-C965-4EFC-87B5-C0C6E95FB6DD}.Release|Any CPU.ActiveCfg = Release|Any CPU
		{92CBC868-C965-4EFC-87B5-C0C6E95FB6DD}.Release|Any CPU.Build.0 = Release|Any CPU
		{A21179FD-414C-4AB7-974C-D933A82234E4}.Debug|Any CPU.ActiveCfg = Debug|Any CPU
		{A21179FD-414C-4AB7-974C-D933A82234E4}.Debug|Any CPU.Build.0 = Debug|Any CPU
		{A21179FD-414C-4AB7-974C-D933A82234E4}.Release|Any CPU.ActiveCfg = Release|Any CPU
		{A21179FD-414C-4AB7-974C-D933A82234E4}.Release|Any CPU.Build.0 = Release|Any CPU
		{513901EB-8906-464A-B7CD-E468BC911DD4}.Debug|Any CPU.ActiveCfg = Debug|Any CPU
		{513901EB-8906-464A-B7CD-E468BC911DD4}.Debug|Any CPU.Build.0 = Debug|Any CPU
		{513901EB-8906-464A-B7CD-E468BC911DD4}.Release|Any CPU.ActiveCfg = Release|Any CPU
		{513901EB-8906-464A-B7CD-E468BC911DD4}.Release|Any CPU.Build.0 = Release|Any CPU
		{2A090A50-BCB5-42FB-9C7A-27AA7E1070BC}.Debug|Any CPU.ActiveCfg = Debug|Any CPU
		{2A090A50-BCB5-42FB-9C7A-27AA7E1070BC}.Debug|Any CPU.Build.0 = Debug|Any CPU
		{2A090A50-BCB5-42FB-9C7A-27AA7E1070BC}.Release|Any CPU.ActiveCfg = Release|Any CPU
		{2A090A50-BCB5-42FB-9C7A-27AA7E1070BC}.Release|Any CPU.Build.0 = Release|Any CPU
		{E5195A6D-D0A9-4617-A998-F0C1A2F398B2}.Debug|Any CPU.ActiveCfg = Debug|Any CPU
		{E5195A6D-D0A9-4617-A998-F0C1A2F398B2}.Debug|Any CPU.Build.0 = Debug|Any CPU
		{E5195A6D-D0A9-4617-A998-F0C1A2F398B2}.Release|Any CPU.ActiveCfg = Release|Any CPU
		{E5195A6D-D0A9-4617-A998-F0C1A2F398B2}.Release|Any CPU.Build.0 = Release|Any CPU
		{C03066A4-6ED7-4321-8CBB-0DD0492882AF}.Debug|Any CPU.ActiveCfg = Debug|Any CPU
		{C03066A4-6ED7-4321-8CBB-0DD0492882AF}.Debug|Any CPU.Build.0 = Debug|Any CPU
		{C03066A4-6ED7-4321-8CBB-0DD0492882AF}.Release|Any CPU.ActiveCfg = Release|Any CPU
		{C03066A4-6ED7-4321-8CBB-0DD0492882AF}.Release|Any CPU.Build.0 = Release|Any CPU
	EndGlobalSection
	GlobalSection(SolutionProperties) = preSolution
		HideSolutionNode = FALSE
	EndGlobalSection
	GlobalSection(NestedProjects) = preSolution
		{527C2108-DD44-43E1-AB32-C3E053D9C6B6} = {FA8B3DE2-3D82-44D8-B305-D6960BF2E4CD}
		{7FCDFC16-3294-4900-BC7D-7CFE83E4A076} = {4420FD8B-42A8-4360-A1F1-DCF98E93C047}
		{4732CF3E-20C4-481A-AC9F-475A25649A03} = {7FCDFC16-3294-4900-BC7D-7CFE83E4A076}
		{68DE0D0D-9EE7-424B-899A-E9AB2F00578C} = {7FCDFC16-3294-4900-BC7D-7CFE83E4A076}
		{81473D0F-9B24-4BFB-BBBD-224B51340478} = {7FCDFC16-3294-4900-BC7D-7CFE83E4A076}
		{92CBC868-C965-4EFC-87B5-C0C6E95FB6DD} = {7FCDFC16-3294-4900-BC7D-7CFE83E4A076}
		{37D41476-FE2E-475E-B1B5-DC1F9A313D66} = {4420FD8B-42A8-4360-A1F1-DCF98E93C047}
		{A21179FD-414C-4AB7-974C-D933A82234E4} = {37D41476-FE2E-475E-B1B5-DC1F9A313D66}
		{513901EB-8906-464A-B7CD-E468BC911DD4} = {37D41476-FE2E-475E-B1B5-DC1F9A313D66}
		{2A090A50-BCB5-42FB-9C7A-27AA7E1070BC} = {37D41476-FE2E-475E-B1B5-DC1F9A313D66}
		{E5195A6D-D0A9-4617-A998-F0C1A2F398B2} = {37D41476-FE2E-475E-B1B5-DC1F9A313D66}
		{C03066A4-6ED7-4321-8CBB-0DD0492882AF} = {37D41476-FE2E-475E-B1B5-DC1F9A313D66}
	EndGlobalSection
	GlobalSection(ExtensibilityGlobals) = postSolution
		SolutionGuid = {DF42A262-A56A-43A5-9BD4-DDDD24AE9C5D}
	EndGlobalSection
EndGlobal
